
Microsoft Visual Studio Solution File, Format Version 11.00
# Visual Studio 2010
Project("{FAE04EC0-301F-11D3-BF4B-00C04F79EFBC}") = "IOB2-format-evaluate", "IOB2-format-evaluate\IOB2-format-evaluate.csproj", "{267F17B6-F779-4FEC-B956-F3547882A0FA}"
EndProject
Global
	GlobalSection(SolutionConfigurationPlatforms) = preSolution
		Debug|x86 = Debug|x86
		Release|x86 = Release|x86
	EndGlobalSection
	GlobalSection(ProjectConfigurationPlatforms) = postSolution
		{267F17B6-F779-4FEC-B956-F3547882A0FA}.Debug|x86.ActiveCfg = Debug|x86
		{267F17B6-F779-4FEC-B956-F3547882A0FA}.Debug|x86.Build.0 = Debug|x86
		{267F17B6-F779-4FEC-B956-F3547882A0FA}.Release|x86.ActiveCfg = Release|x86
		{267F17B6-F779-4FEC-B956-F3547882A0FA}.Release|x86.Build.0 = Release|x86
	EndGlobalSection
	GlobalSection(SolutionProperties) = preSolution
		HideSolutionNode = FALSE
	EndGlobalSection
EndGlobal
